
Microsoft Visual Studio Solution File, Format Version 12.00
# Visual Studio Version 16
VisualStudioVersion = 16.0.30114.105
MinimumVisualStudioVersion = 10.0.40219.1
Project("{FAE04EC0-301F-11D3-BF4B-00C04F79EFBC}") = "API", "API\API.csproj", "{732D5A4A-32A3-4E6D-B47D-F6627FB85448}"
EndProject
Project("{FAE04EC0-301F-11D3-BF4B-00C04F79EFBC}") = "Core", "Core\Core.csproj", "{FB9AF58E-1B8B-4159-A8A3-4BAB696284A8}"
EndProject
Project("{FAE04EC0-301F-11D3-BF4B-00C04F79EFBC}") = "Infrastructure", "Infrastructure\Infrastructure.csproj", "{F8FE6429-7C89-4715-B19E-655F9FEC52B3}"
EndProject
Global
	GlobalSection(SolutionConfigurationPlatforms) = preSolution
		Debug|Any CPU = Debug|Any CPU
		Release|Any CPU = Release|Any CPU
	EndGlobalSection
	GlobalSection(SolutionProperties) = preSolution
		HideSolutionNode = FALSE
	EndGlobalSection
	GlobalSection(ProjectConfigurationPlatforms) = postSolution
		{732D5A4A-32A3-4E6D-B47D-F6627FB85448}.Debug|Any CPU.ActiveCfg = Debug|Any CPU
		{732D5A4A-32A3-4E6D-B47D-F6627FB85448}.Debug|Any CPU.Build.0 = Debug|Any CPU
		{732D5A4A-32A3-4E6D-B47D-F6627FB85448}.Release|Any CPU.ActiveCfg = Release|Any CPU
		{732D5A4A-32A3-4E6D-B47D-F6627FB85448}.Release|Any CPU.Build.0 = Release|Any CPU
		{FB9AF58E-1B8B-4159-A8A3-4BAB696284A8}.Debug|Any CPU.ActiveCfg = Debug|Any CPU
		{FB9AF58E-1B8B-4159-A8A3-4BAB696284A8}.Debug|Any CPU.Build.0 = Debug|Any CPU
		{FB9AF58E-1B8B-4159-A8A3-4BAB696284A8}.Release|Any CPU.ActiveCfg = Release|Any CPU
		{FB9AF58E-1B8B-4159-A8A3-4BAB696284A8}.Release|Any CPU.Build.0 = Release|Any CPU
		{F8FE6429-7C89-4715-B19E-655F9FEC52B3}.Debug|Any CPU.ActiveCfg = Debug|Any CPU
		{F8FE6429-7C89-4715-B19E-655F9FEC52B3}.Debug|Any CPU.Build.0 = Debug|Any CPU
		{F8FE6429-7C89-4715-B19E-655F9FEC52B3}.Release|Any CPU.ActiveCfg = Release|Any CPU
		{F8FE6429-7C89-4715-B19E-655F9FEC52B3}.Release|Any CPU.Build.0 = Release|Any CPU
	EndGlobalSection
EndGlobal
